
Microsoft Visual Studio Solution File, Format Version 12.00
# Visual Studio Version 17
VisualStudioVersion = 17.6.33829.357
MinimumVisualStudioVersion = 10.0.40219.1
Project("{9A19103F-16F7-4668-BE54-9A1E7A4F7556}") = "Pacagroup.Eccomerce.Transversal.Common", "Pacagroup.Eccomerce.Transversal.Common\Pacagroup.Eccomerce.Transversal.Common.csproj", "{B2C9B3FB-F939-4DA8-831F-0F9E4435FF4D}"
EndProject
Project("{2150E333-8FDC-42A3-9474-1A3956D46DE8}") = "Transversal", "Transversal", "{C4CC3A3C-D04F-4972-91C3-3B418B065BB8}"
EndProject
Project("{2150E333-8FDC-42A3-9474-1A3956D46DE8}") = "Infraestructura", "Infraestructura", "{59AC8394-A85D-4C0A-9F57-0E10F47C8B1C}"
EndProject
Project("{2150E333-8FDC-42A3-9474-1A3956D46DE8}") = "Dominio", "Dominio", "{E236A312-19C1-49FD-858D-393D1181F6B0}"
EndProject
Project("{2150E333-8FDC-42A3-9474-1A3956D46DE8}") = "Aplicacion", "Aplicacion", "{A0D690CD-8180-4048-8835-A7E4151DC255}"
EndProject
Project("{2150E333-8FDC-42A3-9474-1A3956D46DE8}") = "Servicios", "Servicios", "{E0DF8228-C131-4530-BDA3-1BC7BC6CE34D}"
EndProject
Project("{9A19103F-16F7-4668-BE54-9A1E7A4F7556}") = "Pacagroup.Eccomerce.Infraestructure.Data", "Pacagroup.Eccomerce.Infraestructura.Data\Pacagroup.Eccomerce.Infraestructure.Data.csproj", "{FE40BE7D-A087-4FE6-9D42-AAB53F0A56B4}"
EndProject
Project("{9A19103F-16F7-4668-BE54-9A1E7A4F7556}") = "Pacagroup.Eccomerce.Infraestructure.Interface", "Pacagroup.Eccomerce.Infraestructure.Interface\Pacagroup.Eccomerce.Infraestructure.Interface.csproj", "{34E15B49-36C3-4DC4-8BC1-B034B0B08BC0}"
EndProject
Project("{9A19103F-16F7-4668-BE54-9A1E7A4F7556}") = "Pacagroup.Eccomerce.Domain.Entity", "Pacagroup.Eccomerce.Domain.Entity\Pacagroup.Eccomerce.Domain.Entity.csproj", "{EB098B48-93A7-4456-98F3-D35ACDBC2B06}"
EndProject
Project("{9A19103F-16F7-4668-BE54-9A1E7A4F7556}") = "Pacagroup.Eccomerce.Infraestructure.Repository", "Pacagroup.Eccomerce.Infraestructura.Repository\Pacagroup.Eccomerce.Infraestructure.Repository.csproj", "{E9C78604-38E6-4487-82A6-9C09926C5650}"
EndProject
Project("{9A19103F-16F7-4668-BE54-9A1E7A4F7556}") = "Pacagroup.Eccomerce.Domain.Interface", "Pacagroup.Eccomerce.Domain.Interface\Pacagroup.Eccomerce.Domain.Interface.csproj", "{814A53D4-1F0B-48D9-B13F-28C8B5D27A7A}"
EndProject
Project("{9A19103F-16F7-4668-BE54-9A1E7A4F7556}") = "Pacagroup.Eccomerce.Domain.Core", "Pacagroup.Eccomerce.Domain.Core\Pacagroup.Eccomerce.Domain.Core.csproj", "{88935D02-D7D3-45E7-9D94-6D7DB61C2843}"
EndProject
Project("{9A19103F-16F7-4668-BE54-9A1E7A4F7556}") = "Pacagroup.Eccomerce.Application.DTO", "Pacagroup.Eccomerce.Application.DTO\Pacagroup.Eccomerce.Application.DTO.csproj", "{3BAA34E5-BDCD-43A8-BA81-197B08C42C57}"
EndProject
Project("{9A19103F-16F7-4668-BE54-9A1E7A4F7556}") = "Pacagroup.Eccomerce.Transversal.Mapper", "Pacagroup.Eccomerce.Transversal.Mapper\Pacagroup.Eccomerce.Transversal.Mapper.csproj", "{35476F94-D102-4B3F-95D0-1B9710D0C167}"
EndProject
Project("{9A19103F-16F7-4668-BE54-9A1E7A4F7556}") = "Pacagroup.Eccomerce.Application.Interface", "Pacagroup.Eccomerce.Application.Interface\Pacagroup.Eccomerce.Application.Interface.csproj", "{14090169-C28B-46B4-B095-0E9199F9406D}"
EndProject
Project("{9A19103F-16F7-4668-BE54-9A1E7A4F7556}") = "Pacagroup.Eccomerce.Application.Main", "Pacagroup.Eccomerce.Application.Main\Pacagroup.Eccomerce.Application.Main.csproj", "{01F66C14-AE04-44CE-B6F3-025A348BA7A3}"
EndProject
Project("{9A19103F-16F7-4668-BE54-9A1E7A4F7556}") = "Pacagroup.Eccomerce.Services.WebApi", "Pacagroup.Eccomerce.Services.WebApi\Pacagroup.Eccomerce.Services.WebApi.csproj", "{BA6CD078-DE5F-4029-85C2-44D9FAB132C8}"
EndProject
Project("{FAE04EC0-301F-11D3-BF4B-00C04F79EFBC}") = "Pacagroup.Ecommerce .Transversal.Logging", "Pacagroup.Ecommerce .Transversal.Logging\Pacagroup.Ecommerce .Transversal.Logging.csproj", "{8C59F925-47E9-4DC7-88DE-7C98A5F6FD07}"
EndProject
Global
	GlobalSection(SolutionConfigurationPlatforms) = preSolution
		Debug|Any CPU = Debug|Any CPU
		Release|Any CPU = Release|Any CPU
	EndGlobalSection
	GlobalSection(ProjectConfigurationPlatforms) = postSolution
		{B2C9B3FB-F939-4DA8-831F-0F9E4435FF4D}.Debug|Any CPU.ActiveCfg = Debug|Any CPU
		{B2C9B3FB-F939-4DA8-831F-0F9E4435FF4D}.Debug|Any CPU.Build.0 = Debug|Any CPU
		{B2C9B3FB-F939-4DA8-831F-0F9E4435FF4D}.Release|Any CPU.ActiveCfg = Release|Any CPU
		{B2C9B3FB-F939-4DA8-831F-0F9E4435FF4D}.Release|Any CPU.Build.0 = Release|Any CPU
		{FE40BE7D-A087-4FE6-9D42-AAB53F0A56B4}.Debug|Any CPU.ActiveCfg = Debug|Any CPU
		{FE40BE7D-A087-4FE6-9D42-AAB53F0A56B4}.Debug|Any CPU.Build.0 = Debug|Any CPU
		{FE40BE7D-A087-4FE6-9D42-AAB53F0A56B4}.Release|Any CPU.ActiveCfg = Release|Any CPU
		{FE40BE7D-A087-4FE6-9D42-AAB53F0A56B4}.Release|Any CPU.Build.0 = Release|Any CPU
		{34E15B49-36C3-4DC4-8BC1-B034B0B08BC0}.Debug|Any CPU.ActiveCfg = Debug|Any CPU
		{34E15B49-36C3-4DC4-8BC1-B034B0B08BC0}.Debug|Any CPU.Build.0 = Debug|Any CPU
		{34E15B49-36C3-4DC4-8BC1-B034B0B08BC0}.Release|Any CPU.ActiveCfg = Release|Any CPU
		{34E15B49-36C3-4DC4-8BC1-B034B0B08BC0}.Release|Any CPU.Build.0 = Release|Any CPU
		{EB098B48-93A7-4456-98F3-D35ACDBC2B06}.Debug|Any CPU.ActiveCfg = Debug|Any CPU
		{EB098B48-93A7-4456-98F3-D35ACDBC2B06}.Debug|Any CPU.Build.0 = Debug|Any CPU
		{EB098B48-93A7-4456-98F3-D35ACDBC2B06}.Release|Any CPU.ActiveCfg = Release|Any CPU
		{EB098B48-93A7-4456-98F3-D35ACDBC2B06}.Release|Any CPU.Build.0 = Release|Any CPU
		{E9C78604-38E6-4487-82A6-9C09926C5650}.Debug|Any CPU.ActiveCfg = Debug|Any CPU
		{E9C78604-38E6-4487-82A6-9C09926C5650}.Debug|Any CPU.Build.0 = Debug|Any CPU
		{E9C78604-38E6-4487-82A6-9C09926C5650}.Release|Any CPU.ActiveCfg = Release|Any CPU
		{E9C78604-38E6-4487-82A6-9C09926C5650}.Release|Any CPU.Build.0 = Release|Any CPU
		{814A53D4-1F0B-48D9-B13F-28C8B5D27A7A}.Debug|Any CPU.ActiveCfg = Debug|Any CPU
		{814A53D4-1F0B-48D9-B13F-28C8B5D27A7A}.Debug|Any CPU.Build.0 = Debug|Any CPU
		{814A53D4-1F0B-48D9-B13F-28C8B5D27A7A}.Release|Any CPU.ActiveCfg = Release|Any CPU
		{814A53D4-1F0B-48D9-B13F-28C8B5D27A7A}.Release|Any CPU.Build.0 = Release|Any CPU
		{88935D02-D7D3-45E7-9D94-6D7DB61C2843}.Debug|Any CPU.ActiveCfg = Debug|Any CPU
		{88935D02-D7D3-45E7-9D94-6D7DB61C2843}.Debug|Any CPU.Build.0 = Debug|Any CPU
		{88935D02-D7D3-45E7-9D94-6D7DB61C2843}.Release|Any CPU.ActiveCfg = Release|Any CPU
		{88935D02-D7D3-45E7-9D94-6D7DB61C2843}.Release|Any CPU.Build.0 = Release|Any CPU
		{3BAA34E5-BDCD-43A8-BA81-197B08C42C57}.Debug|Any CPU.ActiveCfg = Debug|Any CPU
		{3BAA34E5-BDCD-43A8-BA81-197B08C42C57}.Debug|Any CPU.Build.0 = Debug|Any CPU
		{3BAA34E5-BDCD-43A8-BA81-197B08C42C57}.Release|Any CPU.ActiveCfg = Release|Any CPU
		{3BAA34E5-BDCD-43A8-BA81-197B08C42C57}.Release|Any CPU.Build.0 = Release|Any CPU
		{35476F94-D102-4B3F-95D0-1B9710D0C167}.Debug|Any CPU.ActiveCfg = Debug|Any CPU
		{35476F94-D102-4B3F-95D0-1B9710D0C167}.Debug|Any CPU.Build.0 = Debug|Any CPU
		{35476F94-D102-4B3F-95D0-1B9710D0C167}.Release|Any CPU.ActiveCfg = Release|Any CPU
		{35476F94-D102-4B3F-95D0-1B9710D0C167}.Release|Any CPU.Build.0 = Release|Any CPU
		{14090169-C28B-46B4-B095-0E9199F9406D}.Debug|Any CPU.ActiveCfg = Debug|Any CPU
		{14090169-C28B-46B4-B095-0E9199F9406D}.Debug|Any CPU.Build.0 = Debug|Any CPU
		{14090169-C28B-46B4-B095-0E9199F9406D}.Release|Any CPU.ActiveCfg = Release|Any CPU
		{14090169-C28B-46B4-B095-0E9199F9406D}.Release|Any CPU.Build.0 = Release|Any CPU
		{01F66C14-AE04-44CE-B6F3-025A348BA7A3}.Debug|Any CPU.ActiveCfg = Debug|Any CPU
		{01F66C14-AE04-44CE-B6F3-025A348BA7A3}.Debug|Any CPU.Build.0 = Debug|Any CPU
		{01F66C14-AE04-44CE-B6F3-025A348BA7A3}.Release|Any CPU.ActiveCfg = Release|Any CPU
		{01F66C14-AE04-44CE-B6F3-025A348BA7A3}.Release|Any CPU.Build.0 = Release|Any CPU
		{BA6CD078-DE5F-4029-85C2-44D9FAB132C8}.Debug|Any CPU.ActiveCfg = Debug|Any CPU
		{BA6CD078-DE5F-4029-85C2-44D9FAB132C8}.Debug|Any CPU.Build.0 = Debug|Any CPU
		{BA6CD078-DE5F-4029-85C2-44D9FAB132C8}.Release|Any CPU.ActiveCfg = Release|Any CPU
		{BA6CD078-DE5F-4029-85C2-44D9FAB132C8}.Release|Any CPU.Build.0 = Release|Any CPU
		{8C59F925-47E9-4DC7-88DE-7C98A5F6FD07}.Debug|Any CPU.ActiveCfg = Debug|Any CPU
		{8C59F925-47E9-4DC7-88DE-7C98A5F6FD07}.Debug|Any CPU.Build.0 = Debug|Any CPU
		{8C59F925-47E9-4DC7-88DE-7C98A5F6FD07}.Release|Any CPU.ActiveCfg = Release|Any CPU
		{8C59F925-47E9-4DC7-88DE-7C98A5F6FD07}.Release|Any CPU.Build.0 = Release|Any CPU
	EndGlobalSection
	GlobalSection(SolutionProperties) = preSolution
		HideSolutionNode = FALSE
	EndGlobalSection
	GlobalSection(NestedProjects) = preSolution
		{B2C9B3FB-F939-4DA8-831F-0F9E4435FF4D} = {C4CC3A3C-D04F-4972-91C3-3B418B065BB8}
		{FE40BE7D-A087-4FE6-9D42-AAB53F0A56B4} = {59AC8394-A85D-4C0A-9F57-0E10F47C8B1C}
		{34E15B49-36C3-4DC4-8BC1-B034B0B08BC0} = {59AC8394-A85D-4C0A-9F57-0E10F47C8B1C}
		{EB098B48-93A7-4456-98F3-D35ACDBC2B06} = {E236A312-19C1-49FD-858D-393D1181F6B0}
		{E9C78604-38E6-4487-82A6-9C09926C5650} = {59AC8394-A85D-4C0A-9F57-0E10F47C8B1C}
		{814A53D4-1F0B-48D9-B13F-28C8B5D27A7A} = {E236A312-19C1-49FD-858D-393D1181F6B0}
		{88935D02-D7D3-45E7-9D94-6D7DB61C2843} = {E236A312-19C1-49FD-858D-393D1181F6B0}
		{3BAA34E5-BDCD-43A8-BA81-197B08C42C57} = {A0D690CD-8180-4048-8835-A7E4151DC255}
		{35476F94-D102-4B3F-95D0-1B9710D0C167} = {C4CC3A3C-D04F-4972-91C3-3B418B065BB8}
		{14090169-C28B-46B4-B095-0E9199F9406D} = {A0D690CD-8180-4048-8835-A7E4151DC255}
		{01F66C14-AE04-44CE-B6F3-025A348BA7A3} = {A0D690CD-8180-4048-8835-A7E4151DC255}
		{BA6CD078-DE5F-4029-85C2-44D9FAB132C8} = {E0DF8228-C131-4530-BDA3-1BC7BC6CE34D}
		{8C59F925-47E9-4DC7-88DE-7C98A5F6FD07} = {C4CC3A3C-D04F-4972-91C3-3B418B065BB8}
	EndGlobalSection
	GlobalSection(ExtensibilityGlobals) = postSolution
		SolutionGuid = {77CC5078-1644-4A0B-9475-3E53A4CF5025}
	EndGlobalSection
EndGlobal
